
Microsoft Visual Studio Solution File, Format Version 12.00
# Visual Studio 15
VisualStudioVersion = 15.0.27130.2027
MinimumVisualStudioVersion = 10.0.40219.1
Project("{9A19103F-16F7-4668-BE54-9A1E7A4F7556}") = "SafarCore", "Safar-Core\SafarCore.csproj", "{441D5507-1A5A-40CE-B145-2351560CC2B7}"
EndProject
Project("{9A19103F-16F7-4668-BE54-9A1E7A4F7556}") = "SafarApi", "Safar-Api\SafarApi.csproj", "{4DEB7CB0-F188-45CB-B093-A653FB75CFD4}"
EndProject
Global
	GlobalSection(SolutionConfigurationPlatforms) = preSolution
		Debug|Any CPU = Debug|Any CPU
		Release|Any CPU = Release|Any CPU
	EndGlobalSection
	GlobalSection(ProjectConfigurationPlatforms) = postSolution
		{441D5507-1A5A-40CE-B145-2351560CC2B7}.Debug|Any CPU.ActiveCfg = Debug|Any CPU
		{441D5507-1A5A-40CE-B145-2351560CC2B7}.Debug|Any CPU.Build.0 = Debug|Any CPU
		{441D5507-1A5A-40CE-B145-2351560CC2B7}.Release|Any CPU.ActiveCfg = Release|Any CPU
		{441D5507-1A5A-40CE-B145-2351560CC2B7}.Release|Any CPU.Build.0 = Release|Any CPU
		{4DEB7CB0-F188-45CB-B093-A653FB75CFD4}.Debug|Any CPU.ActiveCfg = Debug|Any CPU
		{4DEB7CB0-F188-45CB-B093-A653FB75CFD4}.Debug|Any CPU.Build.0 = Debug|Any CPU
		{4DEB7CB0-F188-45CB-B093-A653FB75CFD4}.Release|Any CPU.ActiveCfg = Release|Any CPU
		{4DEB7CB0-F188-45CB-B093-A653FB75CFD4}.Release|Any CPU.Build.0 = Release|Any CPU
	EndGlobalSection
	GlobalSection(SolutionProperties) = preSolution
		HideSolutionNode = FALSE
	EndGlobalSection
	GlobalSection(ExtensibilityGlobals) = postSolution
		SolutionGuid = {92AC7D4B-746F-4E97-A2B1-3B702E6B503B}
	EndGlobalSection
EndGlobal
